{
    "_meta": {
        "hash": {
            "sha256": "44c6170f4b6b2a4268c5f48d575c79c05f47ccacfc8c133c22cffd7d1dea8977"
        },
        "pipfile-spec": 6,
        "requires": {
            "python_version": "3.12"
        },
        "sources": [
            {
                "name": "pypi",
                "url": "https://pypi.org/simple",
                "verify_ssl": true
            }
        ]
    },
    "default": {
        "click": {
            "hashes": [
                "sha256:ae74fb96c20a0277a1d615f1e4d73c8414f5a98db8b799a7931d1582f3390c28",
                "sha256:ca9853ad459e787e2192211578cc907e7594e294c7ccc834310722b41b9ca6de"
            ],
            "index": "pypi",
            "markers": "python_version >= '3.7'",
            "version": "==8.1.7"
        }
    },
    "develop": {}
}
